
Microsoft Visual Studio Solution File, Format Version 12.00
# Visual Studio Version 17
VisualStudioVersion = 17.14.36212.18
MinimumVisualStudioVersion = 10.0.40219.1
Project("{FAE04EC0-301F-11D3-BF4B-00C04F79EFBC}") = "InvoPro", "InvoPro\InvoPro.csproj", "{E1EBF100-1A1A-41B1-ABA8-64E0B140274D}"
EndProject
Global
	GlobalSection(SolutionConfigurationPlatforms) = preSolution
		Debug|Any CPU = Debug|Any CPU
		Debug|ARM64 = Debug|ARM64
		Debug|x64 = Debug|x64
		Debug|x86 = Debug|x86
		Release|Any CPU = Release|Any CPU
		Release|ARM64 = Release|ARM64
		Release|x64 = Release|x64
		Release|x86 = Release|x86
	EndGlobalSection
	GlobalSection(ProjectConfigurationPlatforms) = postSolution
		{E1EBF100-1A1A-41B1-ABA8-64E0B140274D}.Debug|Any CPU.ActiveCfg = Debug|Any CPU
		{E1EBF100-1A1A-41B1-ABA8-64E0B140274D}.Debug|Any CPU.Build.0 = Debug|Any CPU
		{E1EBF100-1A1A-41B1-ABA8-64E0B140274D}.Debug|ARM64.ActiveCfg = Debug|Any CPU
		{E1EBF100-1A1A-41B1-ABA8-64E0B140274D}.Debug|ARM64.Build.0 = Debug|Any CPU
		{E1EBF100-1A1A-41B1-ABA8-64E0B140274D}.Debug|x64.ActiveCfg = Debug|Any CPU
		{E1EBF100-1A1A-41B1-ABA8-64E0B140274D}.Debug|x64.Build.0 = Debug|Any CPU
		{E1EBF100-1A1A-41B1-ABA8-64E0B140274D}.Debug|x86.ActiveCfg = Debug|Any CPU
		{E1EBF100-1A1A-41B1-ABA8-64E0B140274D}.Debug|x86.Build.0 = Debug|Any CPU
		{E1EBF100-1A1A-41B1-ABA8-64E0B140274D}.Release|Any CPU.ActiveCfg = Release|Any CPU
		{E1EBF100-1A1A-41B1-ABA8-64E0B140274D}.Release|Any CPU.Build.0 = Release|Any CPU
		{E1EBF100-1A1A-41B1-ABA8-64E0B140274D}.Release|ARM64.ActiveCfg = Release|Any CPU
		{E1EBF100-1A1A-41B1-ABA8-64E0B140274D}.Release|ARM64.Build.0 = Release|Any CPU
		{E1EBF100-1A1A-41B1-ABA8-64E0B140274D}.Release|x64.ActiveCfg = Release|Any CPU
		{E1EBF100-1A1A-41B1-ABA8-64E0B140274D}.Release|x64.Build.0 = Release|Any CPU
		{E1EBF100-1A1A-41B1-ABA8-64E0B140274D}.Release|x86.ActiveCfg = Release|Any CPU
		{E1EBF100-1A1A-41B1-ABA8-64E0B140274D}.Release|x86.Build.0 = Release|Any CPU
	EndGlobalSection
	GlobalSection(SolutionProperties) = preSolution
		HideSolutionNode = FALSE
	EndGlobalSection
	GlobalSection(ExtensibilityGlobals) = postSolution
		SolutionGuid = {516671C4-1960-4496-8DFB-8C97C13F5039}
	EndGlobalSection
EndGlobal
